{
  "nodes": {
    "hix": {
      "inputs": {
        "nixpkgs": "nixpkgs"
      },
      "locked": {
        "lastModified": 1701554542,
        "narHash": "sha256-ZKM7GCEbhl2EsjVitkjslAq30oYKk3aT2sEIIL4ZLcA=",
        "owner": "tek",
        "repo": "hix",
        "rev": "3d5c04e4f07e74bda465c8334df0b2a8ec09ba32",
        "type": "github"
      },
      "original": {
        "owner": "tek",
        "ref": "managed-github-pr",
        "repo": "hix",
        "type": "github"
      }
    },
    "nixpkgs": {
      "locked": {
        "lastModified": 1699948764,
        "narHash": "sha256-etefGjZwNF58NmFusFI/4i645HB4ymODXTvWRKOYBA4=",
        "owner": "nixos",
        "repo": "nixpkgs",
        "rev": "4f2bd72692b1aae0a6db485ed3a83d1a933c2cac",
        "type": "github"
      },
      "original": {
        "owner": "nixos",
        "repo": "nixpkgs",
        "rev": "4f2bd72692b1aae0a6db485ed3a83d1a933c2cac",
        "type": "github"
      }
    },
    "root": {
      "inputs": {
        "hix": "hix"
      }
    }
  },
  "root": "root",
  "version": 7
}
